
Microsoft Visual Studio Solution File, Format Version 12.00
# Visual Studio Version 17
VisualStudioVersion = 17.0.31903.59
MinimumVisualStudioVersion = 10.0.40219.1
Project("{2150E333-8FDC-42A3-9474-1A3956D46DE8}") = "src", "src", "{827E0CD3-B72D-47B6-A68D-7590B98EB39B}"
EndProject
Project("{FAE04EC0-301F-11D3-BF4B-00C04F79EFBC}") = "AppTunnel.UI", "src\AppTunnel.UI\AppTunnel.UI.csproj", "{FD901E46-EAD1-4B55-8AFF-CB58E052378B}"
EndProject
Project("{FAE04EC0-301F-11D3-BF4B-00C04F79EFBC}") = "AppTunnel.Service", "src\AppTunnel.Service\AppTunnel.Service.csproj", "{ECB3F2E4-A7FB-40BF-AF10-AE23C83FD1DA}"
EndProject
Project("{FAE04EC0-301F-11D3-BF4B-00C04F79EFBC}") = "AppTunnel.Core", "src\AppTunnel.Core\AppTunnel.Core.csproj", "{89F28747-CBFC-4E4E-868C-ABBC4C0A0AA7}"
EndProject
Project("{FAE04EC0-301F-11D3-BF4B-00C04F79EFBC}") = "AppTunnel.Vpn.WireGuard", "src\AppTunnel.Vpn.WireGuard\AppTunnel.Vpn.WireGuard.csproj", "{7E8BBE13-AF24-40EE-B25E-722364F351F6}"
EndProject
Project("{FAE04EC0-301F-11D3-BF4B-00C04F79EFBC}") = "AppTunnel.Vpn.OpenVpn", "src\AppTunnel.Vpn.OpenVpn\AppTunnel.Vpn.OpenVpn.csproj", "{B378160B-F607-4E32-9366-1CFC3C814CE4}"
EndProject
Project("{FAE04EC0-301F-11D3-BF4B-00C04F79EFBC}") = "AppTunnel.Router.WinDivert", "src\AppTunnel.Router.WinDivert\AppTunnel.Router.WinDivert.csproj", "{8025D77D-B55D-4D8E-906B-E61AF678F809}"
EndProject
Project("{2150E333-8FDC-42A3-9474-1A3956D46DE8}") = "tests", "tests", "{0AB3BF05-4346-4AA6-1389-037BE0695223}"
EndProject
Project("{FAE04EC0-301F-11D3-BF4B-00C04F79EFBC}") = "AppTunnel.Core.Tests", "tests\AppTunnel.Core.Tests\AppTunnel.Core.Tests.csproj", "{9BE6C389-C1D9-4717-851C-BA81B2933EDB}"
EndProject
Project("{FAE04EC0-301F-11D3-BF4B-00C04F79EFBC}") = "AppTunnel.IntegrationTests", "tests\AppTunnel.IntegrationTests\AppTunnel.IntegrationTests.csproj", "{AD760467-66E3-46DE-AB45-D4500BE7F39C}"
EndProject
Project("{FAE04EC0-301F-11D3-BF4B-00C04F79EFBC}") = "AppTunnel.Router.Wfp", "src\AppTunnel.Router.Wfp\AppTunnel.Router.Wfp.csproj", "{85D153B3-EB31-4BC3-814E-A4D9C5FA8FBD}"
EndProject
Project("{FAE04EC0-301F-11D3-BF4B-00C04F79EFBC}") = "AppTunnel.Deployment", "src\AppTunnel.Deployment\AppTunnel.Deployment.csproj", "{FBF8370C-9D4D-4178-B4B7-CFCD60F28FC7}"
EndProject
Project("{FAE04EC0-301F-11D3-BF4B-00C04F79EFBC}") = "AppTunnel.PortableLauncher", "src\AppTunnel.PortableLauncher\AppTunnel.PortableLauncher.csproj", "{3E7FB8A9-1B7C-4E3A-AA92-29955156C5CA}"
EndProject
Project("{FAE04EC0-301F-11D3-BF4B-00C04F79EFBC}") = "AppTunnel.PortableCleanup", "src\AppTunnel.PortableCleanup\AppTunnel.PortableCleanup.csproj", "{C8866E3D-FC42-4645-B890-69FE0FE50DDB}"
EndProject
Global
	GlobalSection(SolutionConfigurationPlatforms) = preSolution
		Debug|Any CPU = Debug|Any CPU
		Debug|x64 = Debug|x64
		Debug|x86 = Debug|x86
		Release|Any CPU = Release|Any CPU
		Release|x64 = Release|x64
		Release|x86 = Release|x86
	EndGlobalSection
	GlobalSection(ProjectConfigurationPlatforms) = postSolution
		{FD901E46-EAD1-4B55-8AFF-CB58E052378B}.Debug|Any CPU.ActiveCfg = Debug|Any CPU
		{FD901E46-EAD1-4B55-8AFF-CB58E052378B}.Debug|Any CPU.Build.0 = Debug|Any CPU
		{FD901E46-EAD1-4B55-8AFF-CB58E052378B}.Debug|x64.ActiveCfg = Debug|Any CPU
		{FD901E46-EAD1-4B55-8AFF-CB58E052378B}.Debug|x64.Build.0 = Debug|Any CPU
		{FD901E46-EAD1-4B55-8AFF-CB58E052378B}.Debug|x86.ActiveCfg = Debug|Any CPU
		{FD901E46-EAD1-4B55-8AFF-CB58E052378B}.Debug|x86.Build.0 = Debug|Any CPU
		{FD901E46-EAD1-4B55-8AFF-CB58E052378B}.Release|Any CPU.ActiveCfg = Release|Any CPU
		{FD901E46-EAD1-4B55-8AFF-CB58E052378B}.Release|Any CPU.Build.0 = Release|Any CPU
		{FD901E46-EAD1-4B55-8AFF-CB58E052378B}.Release|x64.ActiveCfg = Release|Any CPU
		{FD901E46-EAD1-4B55-8AFF-CB58E052378B}.Release|x64.Build.0 = Release|Any CPU
		{FD901E46-EAD1-4B55-8AFF-CB58E052378B}.Release|x86.ActiveCfg = Release|Any CPU
		{FD901E46-EAD1-4B55-8AFF-CB58E052378B}.Release|x86.Build.0 = Release|Any CPU
		{ECB3F2E4-A7FB-40BF-AF10-AE23C83FD1DA}.Debug|Any CPU.ActiveCfg = Debug|Any CPU
		{ECB3F2E4-A7FB-40BF-AF10-AE23C83FD1DA}.Debug|Any CPU.Build.0 = Debug|Any CPU
		{ECB3F2E4-A7FB-40BF-AF10-AE23C83FD1DA}.Debug|x64.ActiveCfg = Debug|Any CPU
		{ECB3F2E4-A7FB-40BF-AF10-AE23C83FD1DA}.Debug|x64.Build.0 = Debug|Any CPU
		{ECB3F2E4-A7FB-40BF-AF10-AE23C83FD1DA}.Debug|x86.ActiveCfg = Debug|Any CPU
		{ECB3F2E4-A7FB-40BF-AF10-AE23C83FD1DA}.Debug|x86.Build.0 = Debug|Any CPU
		{ECB3F2E4-A7FB-40BF-AF10-AE23C83FD1DA}.Release|Any CPU.ActiveCfg = Release|Any CPU
		{ECB3F2E4-A7FB-40BF-AF10-AE23C83FD1DA}.Release|Any CPU.Build.0 = Release|Any CPU
		{ECB3F2E4-A7FB-40BF-AF10-AE23C83FD1DA}.Release|x64.ActiveCfg = Release|Any CPU
		{ECB3F2E4-A7FB-40BF-AF10-AE23C83FD1DA}.Release|x64.Build.0 = Release|Any CPU
		{ECB3F2E4-A7FB-40BF-AF10-AE23C83FD1DA}.Release|x86.ActiveCfg = Release|Any CPU
		{ECB3F2E4-A7FB-40BF-AF10-AE23C83FD1DA}.Release|x86.Build.0 = Release|Any CPU
		{89F28747-CBFC-4E4E-868C-ABBC4C0A0AA7}.Debug|Any CPU.ActiveCfg = Debug|Any CPU
		{89F28747-CBFC-4E4E-868C-ABBC4C0A0AA7}.Debug|Any CPU.Build.0 = Debug|Any CPU
		{89F28747-CBFC-4E4E-868C-ABBC4C0A0AA7}.Debug|x64.ActiveCfg = Debug|Any CPU
		{89F28747-CBFC-4E4E-868C-ABBC4C0A0AA7}.Debug|x64.Build.0 = Debug|Any CPU
		{89F28747-CBFC-4E4E-868C-ABBC4C0A0AA7}.Debug|x86.ActiveCfg = Debug|Any CPU
		{89F28747-CBFC-4E4E-868C-ABBC4C0A0AA7}.Debug|x86.Build.0 = Debug|Any CPU
		{89F28747-CBFC-4E4E-868C-ABBC4C0A0AA7}.Release|Any CPU.ActiveCfg = Release|Any CPU
		{89F28747-CBFC-4E4E-868C-ABBC4C0A0AA7}.Release|Any CPU.Build.0 = Release|Any CPU
		{89F28747-CBFC-4E4E-868C-ABBC4C0A0AA7}.Release|x64.ActiveCfg = Release|Any CPU
		{89F28747-CBFC-4E4E-868C-ABBC4C0A0AA7}.Release|x64.Build.0 = Release|Any CPU
		{89F28747-CBFC-4E4E-868C-ABBC4C0A0AA7}.Release|x86.ActiveCfg = Release|Any CPU
		{89F28747-CBFC-4E4E-868C-ABBC4C0A0AA7}.Release|x86.Build.0 = Release|Any CPU
		{7E8BBE13-AF24-40EE-B25E-722364F351F6}.Debug|Any CPU.ActiveCfg = Debug|Any CPU
		{7E8BBE13-AF24-40EE-B25E-722364F351F6}.Debug|Any CPU.Build.0 = Debug|Any CPU
		{7E8BBE13-AF24-40EE-B25E-722364F351F6}.Debug|x64.ActiveCfg = Debug|Any CPU
		{7E8BBE13-AF24-40EE-B25E-722364F351F6}.Debug|x64.Build.0 = Debug|Any CPU
		{7E8BBE13-AF24-40EE-B25E-722364F351F6}.Debug|x86.ActiveCfg = Debug|Any CPU
		{7E8BBE13-AF24-40EE-B25E-722364F351F6}.Debug|x86.Build.0 = Debug|Any CPU
		{7E8BBE13-AF24-40EE-B25E-722364F351F6}.Release|Any CPU.ActiveCfg = Release|Any CPU
		{7E8BBE13-AF24-40EE-B25E-722364F351F6}.Release|Any CPU.Build.0 = Release|Any CPU
		{7E8BBE13-AF24-40EE-B25E-722364F351F6}.Release|x64.ActiveCfg = Release|Any CPU
		{7E8BBE13-AF24-40EE-B25E-722364F351F6}.Release|x64.Build.0 = Release|Any CPU
		{7E8BBE13-AF24-40EE-B25E-722364F351F6}.Release|x86.ActiveCfg = Release|Any CPU
		{7E8BBE13-AF24-40EE-B25E-722364F351F6}.Release|x86.Build.0 = Release|Any CPU
		{B378160B-F607-4E32-9366-1CFC3C814CE4}.Debug|Any CPU.ActiveCfg = Debug|Any CPU
		{B378160B-F607-4E32-9366-1CFC3C814CE4}.Debug|Any CPU.Build.0 = Debug|Any CPU
		{B378160B-F607-4E32-9366-1CFC3C814CE4}.Debug|x64.ActiveCfg = Debug|Any CPU
		{B378160B-F607-4E32-9366-1CFC3C814CE4}.Debug|x64.Build.0 = Debug|Any CPU
		{B378160B-F607-4E32-9366-1CFC3C814CE4}.Debug|x86.ActiveCfg = Debug|Any CPU
		{B378160B-F607-4E32-9366-1CFC3C814CE4}.Debug|x86.Build.0 = Debug|Any CPU
		{B378160B-F607-4E32-9366-1CFC3C814CE4}.Release|Any CPU.ActiveCfg = Release|Any CPU
		{B378160B-F607-4E32-9366-1CFC3C814CE4}.Release|Any CPU.Build.0 = Release|Any CPU
		{B378160B-F607-4E32-9366-1CFC3C814CE4}.Release|x64.ActiveCfg = Release|Any CPU
		{B378160B-F607-4E32-9366-1CFC3C814CE4}.Release|x64.Build.0 = Release|Any CPU
		{B378160B-F607-4E32-9366-1CFC3C814CE4}.Release|x86.ActiveCfg = Release|Any CPU
		{B378160B-F607-4E32-9366-1CFC3C814CE4}.Release|x86.Build.0 = Release|Any CPU
		{8025D77D-B55D-4D8E-906B-E61AF678F809}.Debug|Any CPU.ActiveCfg = Debug|Any CPU
		{8025D77D-B55D-4D8E-906B-E61AF678F809}.Debug|Any CPU.Build.0 = Debug|Any CPU
		{8025D77D-B55D-4D8E-906B-E61AF678F809}.Debug|x64.ActiveCfg = Debug|Any CPU
		{8025D77D-B55D-4D8E-906B-E61AF678F809}.Debug|x64.Build.0 = Debug|Any CPU
		{8025D77D-B55D-4D8E-906B-E61AF678F809}.Debug|x86.ActiveCfg = Debug|Any CPU
		{8025D77D-B55D-4D8E-906B-E61AF678F809}.Debug|x86.Build.0 = Debug|Any CPU
		{8025D77D-B55D-4D8E-906B-E61AF678F809}.Release|Any CPU.ActiveCfg = Release|Any CPU
		{8025D77D-B55D-4D8E-906B-E61AF678F809}.Release|Any CPU.Build.0 = Release|Any CPU
		{8025D77D-B55D-4D8E-906B-E61AF678F809}.Release|x64.ActiveCfg = Release|Any CPU
		{8025D77D-B55D-4D8E-906B-E61AF678F809}.Release|x64.Build.0 = Release|Any CPU
		{8025D77D-B55D-4D8E-906B-E61AF678F809}.Release|x86.ActiveCfg = Release|Any CPU
		{8025D77D-B55D-4D8E-906B-E61AF678F809}.Release|x86.Build.0 = Release|Any CPU
		{9BE6C389-C1D9-4717-851C-BA81B2933EDB}.Debug|Any CPU.ActiveCfg = Debug|Any CPU
		{9BE6C389-C1D9-4717-851C-BA81B2933EDB}.Debug|Any CPU.Build.0 = Debug|Any CPU
		{9BE6C389-C1D9-4717-851C-BA81B2933EDB}.Debug|x64.ActiveCfg = Debug|Any CPU
		{9BE6C389-C1D9-4717-851C-BA81B2933EDB}.Debug|x64.Build.0 = Debug|Any CPU
		{9BE6C389-C1D9-4717-851C-BA81B2933EDB}.Debug|x86.ActiveCfg = Debug|Any CPU
		{9BE6C389-C1D9-4717-851C-BA81B2933EDB}.Debug|x86.Build.0 = Debug|Any CPU
		{9BE6C389-C1D9-4717-851C-BA81B2933EDB}.Release|Any CPU.ActiveCfg = Release|Any CPU
		{9BE6C389-C1D9-4717-851C-BA81B2933EDB}.Release|Any CPU.Build.0 = Release|Any CPU
		{9BE6C389-C1D9-4717-851C-BA81B2933EDB}.Release|x64.ActiveCfg = Release|Any CPU
		{9BE6C389-C1D9-4717-851C-BA81B2933EDB}.Release|x64.Build.0 = Release|Any CPU
		{9BE6C389-C1D9-4717-851C-BA81B2933EDB}.Release|x86.ActiveCfg = Release|Any CPU
		{9BE6C389-C1D9-4717-851C-BA81B2933EDB}.Release|x86.Build.0 = Release|Any CPU
		{AD760467-66E3-46DE-AB45-D4500BE7F39C}.Debug|Any CPU.ActiveCfg = Debug|Any CPU
		{AD760467-66E3-46DE-AB45-D4500BE7F39C}.Debug|Any CPU.Build.0 = Debug|Any CPU
		{AD760467-66E3-46DE-AB45-D4500BE7F39C}.Debug|x64.ActiveCfg = Debug|Any CPU
		{AD760467-66E3-46DE-AB45-D4500BE7F39C}.Debug|x64.Build.0 = Debug|Any CPU
		{AD760467-66E3-46DE-AB45-D4500BE7F39C}.Debug|x86.ActiveCfg = Debug|Any CPU
		{AD760467-66E3-46DE-AB45-D4500BE7F39C}.Debug|x86.Build.0 = Debug|Any CPU
		{AD760467-66E3-46DE-AB45-D4500BE7F39C}.Release|Any CPU.ActiveCfg = Release|Any CPU
		{AD760467-66E3-46DE-AB45-D4500BE7F39C}.Release|Any CPU.Build.0 = Release|Any CPU
		{AD760467-66E3-46DE-AB45-D4500BE7F39C}.Release|x64.ActiveCfg = Release|Any CPU
		{AD760467-66E3-46DE-AB45-D4500BE7F39C}.Release|x64.Build.0 = Release|Any CPU
		{AD760467-66E3-46DE-AB45-D4500BE7F39C}.Release|x86.ActiveCfg = Release|Any CPU
		{AD760467-66E3-46DE-AB45-D4500BE7F39C}.Release|x86.Build.0 = Release|Any CPU
		{85D153B3-EB31-4BC3-814E-A4D9C5FA8FBD}.Debug|Any CPU.ActiveCfg = Debug|Any CPU
		{85D153B3-EB31-4BC3-814E-A4D9C5FA8FBD}.Debug|Any CPU.Build.0 = Debug|Any CPU
		{85D153B3-EB31-4BC3-814E-A4D9C5FA8FBD}.Debug|x64.ActiveCfg = Debug|Any CPU
		{85D153B3-EB31-4BC3-814E-A4D9C5FA8FBD}.Debug|x64.Build.0 = Debug|Any CPU
		{85D153B3-EB31-4BC3-814E-A4D9C5FA8FBD}.Debug|x86.ActiveCfg = Debug|Any CPU
		{85D153B3-EB31-4BC3-814E-A4D9C5FA8FBD}.Debug|x86.Build.0 = Debug|Any CPU
		{85D153B3-EB31-4BC3-814E-A4D9C5FA8FBD}.Release|Any CPU.ActiveCfg = Release|Any CPU
		{85D153B3-EB31-4BC3-814E-A4D9C5FA8FBD}.Release|Any CPU.Build.0 = Release|Any CPU
		{85D153B3-EB31-4BC3-814E-A4D9C5FA8FBD}.Release|x64.ActiveCfg = Release|Any CPU
		{85D153B3-EB31-4BC3-814E-A4D9C5FA8FBD}.Release|x64.Build.0 = Release|Any CPU
		{85D153B3-EB31-4BC3-814E-A4D9C5FA8FBD}.Release|x86.ActiveCfg = Release|Any CPU
		{85D153B3-EB31-4BC3-814E-A4D9C5FA8FBD}.Release|x86.Build.0 = Release|Any CPU
		{FBF8370C-9D4D-4178-B4B7-CFCD60F28FC7}.Debug|Any CPU.ActiveCfg = Debug|Any CPU
		{FBF8370C-9D4D-4178-B4B7-CFCD60F28FC7}.Debug|Any CPU.Build.0 = Debug|Any CPU
		{FBF8370C-9D4D-4178-B4B7-CFCD60F28FC7}.Debug|x64.ActiveCfg = Debug|Any CPU
		{FBF8370C-9D4D-4178-B4B7-CFCD60F28FC7}.Debug|x64.Build.0 = Debug|Any CPU
		{FBF8370C-9D4D-4178-B4B7-CFCD60F28FC7}.Debug|x86.ActiveCfg = Debug|Any CPU
		{FBF8370C-9D4D-4178-B4B7-CFCD60F28FC7}.Debug|x86.Build.0 = Debug|Any CPU
		{FBF8370C-9D4D-4178-B4B7-CFCD60F28FC7}.Release|Any CPU.ActiveCfg = Release|Any CPU
		{FBF8370C-9D4D-4178-B4B7-CFCD60F28FC7}.Release|Any CPU.Build.0 = Release|Any CPU
		{FBF8370C-9D4D-4178-B4B7-CFCD60F28FC7}.Release|x64.ActiveCfg = Release|Any CPU
		{FBF8370C-9D4D-4178-B4B7-CFCD60F28FC7}.Release|x64.Build.0 = Release|Any CPU
		{FBF8370C-9D4D-4178-B4B7-CFCD60F28FC7}.Release|x86.ActiveCfg = Release|Any CPU
		{FBF8370C-9D4D-4178-B4B7-CFCD60F28FC7}.Release|x86.Build.0 = Release|Any CPU
		{3E7FB8A9-1B7C-4E3A-AA92-29955156C5CA}.Debug|Any CPU.ActiveCfg = Debug|Any CPU
		{3E7FB8A9-1B7C-4E3A-AA92-29955156C5CA}.Debug|Any CPU.Build.0 = Debug|Any CPU
		{3E7FB8A9-1B7C-4E3A-AA92-29955156C5CA}.Debug|x64.ActiveCfg = Debug|Any CPU
		{3E7FB8A9-1B7C-4E3A-AA92-29955156C5CA}.Debug|x64.Build.0 = Debug|Any CPU
		{3E7FB8A9-1B7C-4E3A-AA92-29955156C5CA}.Debug|x86.ActiveCfg = Debug|Any CPU
		{3E7FB8A9-1B7C-4E3A-AA92-29955156C5CA}.Debug|x86.Build.0 = Debug|Any CPU
		{3E7FB8A9-1B7C-4E3A-AA92-29955156C5CA}.Release|Any CPU.ActiveCfg = Release|Any CPU
		{3E7FB8A9-1B7C-4E3A-AA92-29955156C5CA}.Release|Any CPU.Build.0 = Release|Any CPU
		{3E7FB8A9-1B7C-4E3A-AA92-29955156C5CA}.Release|x64.ActiveCfg = Release|Any CPU
		{3E7FB8A9-1B7C-4E3A-AA92-29955156C5CA}.Release|x64.Build.0 = Release|Any CPU
		{3E7FB8A9-1B7C-4E3A-AA92-29955156C5CA}.Release|x86.ActiveCfg = Release|Any CPU
		{3E7FB8A9-1B7C-4E3A-AA92-29955156C5CA}.Release|x86.Build.0 = Release|Any CPU
		{C8866E3D-FC42-4645-B890-69FE0FE50DDB}.Debug|Any CPU.ActiveCfg = Debug|Any CPU
		{C8866E3D-FC42-4645-B890-69FE0FE50DDB}.Debug|Any CPU.Build.0 = Debug|Any CPU
		{C8866E3D-FC42-4645-B890-69FE0FE50DDB}.Debug|x64.ActiveCfg = Debug|Any CPU
		{C8866E3D-FC42-4645-B890-69FE0FE50DDB}.Debug|x64.Build.0 = Debug|Any CPU
		{C8866E3D-FC42-4645-B890-69FE0FE50DDB}.Debug|x86.ActiveCfg = Debug|Any CPU
		{C8866E3D-FC42-4645-B890-69FE0FE50DDB}.Debug|x86.Build.0 = Debug|Any CPU
		{C8866E3D-FC42-4645-B890-69FE0FE50DDB}.Release|Any CPU.ActiveCfg = Release|Any CPU
		{C8866E3D-FC42-4645-B890-69FE0FE50DDB}.Release|Any CPU.Build.0 = Release|Any CPU
		{C8866E3D-FC42-4645-B890-69FE0FE50DDB}.Release|x64.ActiveCfg = Release|Any CPU
		{C8866E3D-FC42-4645-B890-69FE0FE50DDB}.Release|x64.Build.0 = Release|Any CPU
		{C8866E3D-FC42-4645-B890-69FE0FE50DDB}.Release|x86.ActiveCfg = Release|Any CPU
		{C8866E3D-FC42-4645-B890-69FE0FE50DDB}.Release|x86.Build.0 = Release|Any CPU
	EndGlobalSection
	GlobalSection(SolutionProperties) = preSolution
		HideSolutionNode = FALSE
	EndGlobalSection
	GlobalSection(NestedProjects) = preSolution
		{FD901E46-EAD1-4B55-8AFF-CB58E052378B} = {827E0CD3-B72D-47B6-A68D-7590B98EB39B}
		{ECB3F2E4-A7FB-40BF-AF10-AE23C83FD1DA} = {827E0CD3-B72D-47B6-A68D-7590B98EB39B}
		{89F28747-CBFC-4E4E-868C-ABBC4C0A0AA7} = {827E0CD3-B72D-47B6-A68D-7590B98EB39B}
		{7E8BBE13-AF24-40EE-B25E-722364F351F6} = {827E0CD3-B72D-47B6-A68D-7590B98EB39B}
		{B378160B-F607-4E32-9366-1CFC3C814CE4} = {827E0CD3-B72D-47B6-A68D-7590B98EB39B}
		{8025D77D-B55D-4D8E-906B-E61AF678F809} = {827E0CD3-B72D-47B6-A68D-7590B98EB39B}
		{9BE6C389-C1D9-4717-851C-BA81B2933EDB} = {0AB3BF05-4346-4AA6-1389-037BE0695223}
		{AD760467-66E3-46DE-AB45-D4500BE7F39C} = {0AB3BF05-4346-4AA6-1389-037BE0695223}
		{85D153B3-EB31-4BC3-814E-A4D9C5FA8FBD} = {827E0CD3-B72D-47B6-A68D-7590B98EB39B}
		{FBF8370C-9D4D-4178-B4B7-CFCD60F28FC7} = {827E0CD3-B72D-47B6-A68D-7590B98EB39B}
		{3E7FB8A9-1B7C-4E3A-AA92-29955156C5CA} = {827E0CD3-B72D-47B6-A68D-7590B98EB39B}
		{C8866E3D-FC42-4645-B890-69FE0FE50DDB} = {827E0CD3-B72D-47B6-A68D-7590B98EB39B}
	EndGlobalSection
EndGlobal
